// !$*UTF8*$!
{
	archiveVersion = 1;
	classes = {
	};
	objectVersion = 56;
	objects = {

/* Begin PBXBuildFile section */
		8703833C2A8D6BBD00FE10FC /* AppDelegate.swift in Sources */ = {isa = PBXBuildFile; fileRef = 8703833B2A8D6BBD00FE10FC /* AppDelegate.swift */; };
		8703833E2A8D6BBD00FE10FC /* SceneDelegate.swift in Sources */ = {isa = PBXBuildFile; fileRef = 8703833D2A8D6BBD00FE10FC /* SceneDelegate.swift */; };
		870383402A8D6BBD00FE10FC /* ShortNewsViewController.swift in Sources */ = {isa = PBXBuildFile; fileRef = 8703833F2A8D6BBD00FE10FC /* ShortNewsViewController.swift */; };
		870383432A8D6BBD00FE10FC /* Main.storyboard in Resources */ = {isa = PBXBuildFile; fileRef = 870383412A8D6BBD00FE10FC /* Main.storyboard */; };
		870383452A8D6BBE00FE10FC /* Assets.xcassets in Resources */ = {isa = PBXBuildFile; fileRef = 870383442A8D6BBE00FE10FC /* Assets.xcassets */; };
		870383482A8D6BBE00FE10FC /* LaunchScreen.storyboard in Resources */ = {isa = PBXBuildFile; fileRef = 870383462A8D6BBE00FE10FC /* LaunchScreen.storyboard */; };
		870383512A8D6BED00FE10FC /* ApiService.swift in Sources */ = {isa = PBXBuildFile; fileRef = 870383502A8D6BED00FE10FC /* ApiService.swift */; };
		870383542A8D6CD400FE10FC /* MMOInformationModel.swift in Sources */ = {isa = PBXBuildFile; fileRef = 870383532A8D6CD400FE10FC /* MMOInformationModel.swift */; };
		870383562A8D731C00FE10FC /* MMOGeneralNewsModel.swift in Sources */ = {isa = PBXBuildFile; fileRef = 870383552A8D731C00FE10FC /* MMOGeneralNewsModel.swift */; };
		870383592A8D78AF00FE10FC /* MMONewsCell.swift in Sources */ = {isa = PBXBuildFile; fileRef = 870383582A8D78AF00FE10FC /* MMONewsCell.swift */; };
		8703835C2A8D78CC00FE10FC /* ViewConfiguration.swift in Sources */ = {isa = PBXBuildFile; fileRef = 8703835B2A8D78CC00FE10FC /* ViewConfiguration.swift */; };
		8703835E2A8D790C00FE10FC /* UIView+Constraints.swift in Sources */ = {isa = PBXBuildFile; fileRef = 8703835D2A8D790C00FE10FC /* UIView+Constraints.swift */; };
		870969E72A8EB4CC002ED064 /* CompleteNewsViewController.swift in Sources */ = {isa = PBXBuildFile; fileRef = 870969E62A8EB4CC002ED064 /* CompleteNewsViewController.swift */; };
		870969E92A8EB9D8002ED064 /* String+Extension.swift in Sources */ = {isa = PBXBuildFile; fileRef = 870969E82A8EB9D8002ED064 /* String+Extension.swift */; };
		874EBCC52A8F90B000473311 /* FullNoticeViewController.swift in Sources */ = {isa = PBXBuildFile; fileRef = 874EBCC42A8F90B000473311 /* FullNoticeViewController.swift */; };
		878F1E582A8FF24C00EAAEC3 /* HomeTabBarController.swift in Sources */ = {isa = PBXBuildFile; fileRef = 878F1E572A8FF24C00EAAEC3 /* HomeTabBarController.swift */; };
		878F1E5B2A8FF2B800EAAEC3 /* HomeTabBarViewModel.swift in Sources */ = {isa = PBXBuildFile; fileRef = 878F1E5A2A8FF2B800EAAEC3 /* HomeTabBarViewModel.swift */; };
		878F1E5D2A8FF47B00EAAEC3 /* FavoritesViewController.swift in Sources */ = {isa = PBXBuildFile; fileRef = 878F1E5C2A8FF47B00EAAEC3 /* FavoritesViewController.swift */; };
		878F1E5F2A8FF4AF00EAAEC3 /* HomeViewController.swift in Sources */ = {isa = PBXBuildFile; fileRef = 878F1E5E2A8FF4AF00EAAEC3 /* HomeViewController.swift */; };
		878F1E612A8FF80E00EAAEC3 /* ShortNewsViewModel.swift in Sources */ = {isa = PBXBuildFile; fileRef = 878F1E602A8FF80E00EAAEC3 /* ShortNewsViewModel.swift */; };
/* End PBXBuildFile section */

/* Begin PBXFileReference section */
		870383382A8D6BBD00FE10FC /* MMO-Report-App.app */ = {isa = PBXFileReference; explicitFileType = wrapper.application; includeInIndex = 0; path = "MMO-Report-App.app"; sourceTree = BUILT_PRODUCTS_DIR; };
		8703833B2A8D6BBD00FE10FC /* AppDelegate.swift */ = {isa = PBXFileReference; lastKnownFileType = sourcecode.swift; path = AppDelegate.swift; sourceTree = "<group>"; };
		8703833D2A8D6BBD00FE10FC /* SceneDelegate.swift */ = {isa = PBXFileReference; lastKnownFileType = sourcecode.swift; path = SceneDelegate.swift; sourceTree = "<group>"; };
		8703833F2A8D6BBD00FE10FC /* ShortNewsViewController.swift */ = {isa = PBXFileReference; lastKnownFileType = sourcecode.swift; path = ShortNewsViewController.swift; sourceTree = "<group>"; };
		870383422A8D6BBD00FE10FC /* Base */ = {isa = PBXFileReference; lastKnownFileType = file.storyboard; name = Base; path = Base.lproj/Main.storyboard; sourceTree = "<group>"; };
		870383442A8D6BBE00FE10FC /* Assets.xcassets */ = {isa = PBXFileReference; lastKnownFileType = folder.assetcatalog; path = Assets.xcassets; sourceTree = "<group>"; };
		870383472A8D6BBE00FE10FC /* Base */ = {isa = PBXFileReference; lastKnownFileType = file.storyboard; name = Base; path = Base.lproj/LaunchScreen.storyboard; sourceTree = "<group>"; };
		870383492A8D6BBE00FE10FC /* Info.plist */ = {isa = PBXFileReference; lastKnownFileType = text.plist.xml; path = Info.plist; sourceTree = "<group>"; };
		870383502A8D6BED00FE10FC /* ApiService.swift */ = {isa = PBXFileReference; lastKnownFileType = sourcecode.swift; path = ApiService.swift; sourceTree = "<group>"; };
		870383532A8D6CD400FE10FC /* MMOInformationModel.swift */ = {isa = PBXFileReference; lastKnownFileType = sourcecode.swift; path = MMOInformationModel.swift; sourceTree = "<group>"; };
		870383552A8D731C00FE10FC /* MMOGeneralNewsModel.swift */ = {isa = PBXFileReference; lastKnownFileType = sourcecode.swift; path = MMOGeneralNewsModel.swift; sourceTree = "<group>"; };
		870383582A8D78AF00FE10FC /* MMONewsCell.swift */ = {isa = PBXFileReference; lastKnownFileType = sourcecode.swift; path = MMONewsCell.swift; sourceTree = "<group>"; };
		8703835B2A8D78CC00FE10FC /* ViewConfiguration.swift */ = {isa = PBXFileReference; lastKnownFileType = sourcecode.swift; path = ViewConfiguration.swift; sourceTree = "<group>"; };
		8703835D2A8D790C00FE10FC /* UIView+Constraints.swift */ = {isa = PBXFileReference; lastKnownFileType = sourcecode.swift; path = "UIView+Constraints.swift"; sourceTree = "<group>"; };
		870969E62A8EB4CC002ED064 /* CompleteNewsViewController.swift */ = {isa = PBXFileReference; lastKnownFileType = sourcecode.swift; path = CompleteNewsViewController.swift; sourceTree = "<group>"; };
		870969E82A8EB9D8002ED064 /* String+Extension.swift */ = {isa = PBXFileReference; lastKnownFileType = sourcecode.swift; path = "String+Extension.swift"; sourceTree = "<group>"; };
		874EBCC42A8F90B000473311 /* FullNoticeViewController.swift */ = {isa = PBXFileReference; lastKnownFileType = sourcecode.swift; path = FullNoticeViewController.swift; sourceTree = "<group>"; };
		878F1E572A8FF24C00EAAEC3 /* HomeTabBarController.swift */ = {isa = PBXFileReference; lastKnownFileType = sourcecode.swift; path = HomeTabBarController.swift; sourceTree = "<group>"; };
		878F1E5A2A8FF2B800EAAEC3 /* HomeTabBarViewModel.swift */ = {isa = PBXFileReference; lastKnownFileType = sourcecode.swift; path = HomeTabBarViewModel.swift; sourceTree = "<group>"; };
		878F1E5C2A8FF47B00EAAEC3 /* FavoritesViewController.swift */ = {isa = PBXFileReference; lastKnownFileType = sourcecode.swift; path = FavoritesViewController.swift; sourceTree = "<group>"; };
		878F1E5E2A8FF4AF00EAAEC3 /* HomeViewController.swift */ = {isa = PBXFileReference; lastKnownFileType = sourcecode.swift; path = HomeViewController.swift; sourceTree = "<group>"; };
		878F1E602A8FF80E00EAAEC3 /* ShortNewsViewModel.swift */ = {isa = PBXFileReference; lastKnownFileType = sourcecode.swift; path = ShortNewsViewModel.swift; sourceTree = "<group>"; };
/* End PBXFileReference section */

/* Begin PBXFrameworksBuildPhase section */
		870383352A8D6BBD00FE10FC /* Frameworks */ = {
			isa = PBXFrameworksBuildPhase;
			buildActionMask = 2147483647;
			files = (
			);
			runOnlyForDeploymentPostprocessing = 0;
		};
/* End PBXFrameworksBuildPhase section */

/* Begin PBXGroup section */
		8703832F2A8D6BBD00FE10FC = {
			isa = PBXGroup;
			children = (
				8703833A2A8D6BBD00FE10FC /* MMO-Report-App */,
				870383392A8D6BBD00FE10FC /* Products */,
			);
			sourceTree = "<group>";
		};
		870383392A8D6BBD00FE10FC /* Products */ = {
			isa = PBXGroup;
			children = (
				870383382A8D6BBD00FE10FC /* MMO-Report-App.app */,
			);
			name = Products;
			sourceTree = "<group>";
		};
		8703833A2A8D6BBD00FE10FC /* MMO-Report-App */ = {
			isa = PBXGroup;
			children = (
				878F1E592A8FF2AD00EAAEC3 /* ViewModels */,
				874EBCC32A8F908000473311 /* Views */,
				8703835A2A8D78C100FE10FC /* Extensions */,
				870383572A8D789900FE10FC /* Cells */,
				870383522A8D6C7A00FE10FC /* Models */,
				8703834F2A8D6BE600FE10FC /* Service */,
				8703833B2A8D6BBD00FE10FC /* AppDelegate.swift */,
				8703833D2A8D6BBD00FE10FC /* SceneDelegate.swift */,
				870383412A8D6BBD00FE10FC /* Main.storyboard */,
				870383442A8D6BBE00FE10FC /* Assets.xcassets */,
				870383462A8D6BBE00FE10FC /* LaunchScreen.storyboard */,
				870383492A8D6BBE00FE10FC /* Info.plist */,
			);
			path = "MMO-Report-App";
			sourceTree = "<group>";
		};
		8703834F2A8D6BE600FE10FC /* Service */ = {
			isa = PBXGroup;
			children = (
				870383502A8D6BED00FE10FC /* ApiService.swift */,
			);
			path = Service;
			sourceTree = "<group>";
		};
		870383522A8D6C7A00FE10FC /* Models */ = {
			isa = PBXGroup;
			children = (
				870383532A8D6CD400FE10FC /* MMOInformationModel.swift */,
				870383552A8D731C00FE10FC /* MMOGeneralNewsModel.swift */,
			);
			path = Models;
			sourceTree = "<group>";
		};
		870383572A8D789900FE10FC /* Cells */ = {
			isa = PBXGroup;
			children = (
				870383582A8D78AF00FE10FC /* MMONewsCell.swift */,
			);
			path = Cells;
			sourceTree = "<group>";
		};
		8703835A2A8D78C100FE10FC /* Extensions */ = {
			isa = PBXGroup;
			children = (
				8703835B2A8D78CC00FE10FC /* ViewConfiguration.swift */,
				8703835D2A8D790C00FE10FC /* UIView+Constraints.swift */,
				870969E82A8EB9D8002ED064 /* String+Extension.swift */,
			);
			path = Extensions;
			sourceTree = "<group>";
		};
		874EBCC32A8F908000473311 /* Views */ = {
			isa = PBXGroup;
			children = (
				87BE46C12A90F2FA00C3D489 /* MainNews */,
				87BE46C02A90F2D400C3D489 /* TabBar */,
				87BE46BF2A90F2CE00C3D489 /* Home */,
				870969E62A8EB4CC002ED064 /* CompleteNewsViewController.swift */,
				874EBCC42A8F90B000473311 /* FullNoticeViewController.swift */,
				878F1E5C2A8FF47B00EAAEC3 /* FavoritesViewController.swift */,
			);
			path = Views;
			sourceTree = "<group>";
		};
		878F1E592A8FF2AD00EAAEC3 /* ViewModels */ = {
			isa = PBXGroup;
			children = (
			);
			path = ViewModels;
			sourceTree = "<group>";
		};
		87BE46BF2A90F2CE00C3D489 /* Home */ = {
			isa = PBXGroup;
			children = (
				878F1E5E2A8FF4AF00EAAEC3 /* HomeViewController.swift */,
			);
			path = Home;
			sourceTree = "<group>";
		};
		87BE46C02A90F2D400C3D489 /* TabBar */ = {
			isa = PBXGroup;
			children = (
				878F1E5A2A8FF2B800EAAEC3 /* HomeTabBarViewModel.swift */,
				878F1E572A8FF24C00EAAEC3 /* HomeTabBarController.swift */,
			);
			path = TabBar;
			sourceTree = "<group>";
		};
		87BE46C12A90F2FA00C3D489 /* MainNews */ = {
			isa = PBXGroup;
			children = (
				878F1E602A8FF80E00EAAEC3 /* ShortNewsViewModel.swift */,
				8703833F2A8D6BBD00FE10FC /* ShortNewsViewController.swift */,
			);
			path = MainNews;
			sourceTree = "<group>";
		};
/* End PBXGroup section */

/* Begin PBXNativeTarget section */
		870383372A8D6BBD00FE10FC /* MMO-Report-App */ = {
			isa = PBXNativeTarget;
			buildConfigurationList = 8703834C2A8D6BBE00FE10FC /* Build configuration list for PBXNativeTarget "MMO-Report-App" */;
			buildPhases = (
				870383342A8D6BBD00FE10FC /* Sources */,
				870383352A8D6BBD00FE10FC /* Frameworks */,
				870383362A8D6BBD00FE10FC /* Resources */,
			);
			buildRules = (
			);
			dependencies = (
			);
			name = "MMO-Report-App";
			productName = "MMO-Report-App";
			productReference = 870383382A8D6BBD00FE10FC /* MMO-Report-App.app */;
			productType = "com.apple.product-type.application";
		};
/* End PBXNativeTarget section */

/* Begin PBXProject section */
		870383302A8D6BBD00FE10FC /* Project object */ = {
			isa = PBXProject;
			attributes = {
				BuildIndependentTargetsInParallel = 1;
				LastSwiftUpdateCheck = 1420;
				LastUpgradeCheck = 1420;
				TargetAttributes = {
					870383372A8D6BBD00FE10FC = {
						CreatedOnToolsVersion = 14.2;
					};
				};
			};
			buildConfigurationList = 870383332A8D6BBD00FE10FC /* Build configuration list for PBXProject "MMO-Report-App" */;
			compatibilityVersion = "Xcode 14.0";
			developmentRegion = en;
			hasScannedForEncodings = 0;
			knownRegions = (
				en,
				Base,
			);
			mainGroup = 8703832F2A8D6BBD00FE10FC;
			productRefGroup = 870383392A8D6BBD00FE10FC /* Products */;
			projectDirPath = "";
			projectRoot = "";
			targets = (
				870383372A8D6BBD00FE10FC /* MMO-Report-App */,
			);
		};
/* End PBXProject section */

/* Begin PBXResourcesBuildPhase section */
		870383362A8D6BBD00FE10FC /* Resources */ = {
			isa = PBXResourcesBuildPhase;
			buildActionMask = 2147483647;
			files = (
				870383482A8D6BBE00FE10FC /* LaunchScreen.storyboard in Resources */,
				870383452A8D6BBE00FE10FC /* Assets.xcassets in Resources */,
				870383432A8D6BBD00FE10FC /* Main.storyboard in Resources */,
			);
			runOnlyForDeploymentPostprocessing = 0;
		};
/* End PBXResourcesBuildPhase section */

/* Begin PBXSourcesBuildPhase section */
		870383342A8D6BBD00FE10FC /* Sources */ = {
			isa = PBXSourcesBuildPhase;
			buildActionMask = 2147483647;
			files = (
				870383402A8D6BBD00FE10FC /* ShortNewsViewController.swift in Sources */,
				878F1E612A8FF80E00EAAEC3 /* ShortNewsViewModel.swift in Sources */,
				870969E92A8EB9D8002ED064 /* String+Extension.swift in Sources */,
				870383562A8D731C00FE10FC /* MMOGeneralNewsModel.swift in Sources */,
				870383542A8D6CD400FE10FC /* MMOInformationModel.swift in Sources */,
				878F1E582A8FF24C00EAAEC3 /* HomeTabBarController.swift in Sources */,
				8703835E2A8D790C00FE10FC /* UIView+Constraints.swift in Sources */,
				878F1E5F2A8FF4AF00EAAEC3 /* HomeViewController.swift in Sources */,
				8703833C2A8D6BBD00FE10FC /* AppDelegate.swift in Sources */,
				870383512A8D6BED00FE10FC /* ApiService.swift in Sources */,
				870969E72A8EB4CC002ED064 /* CompleteNewsViewController.swift in Sources */,
				8703835C2A8D78CC00FE10FC /* ViewConfiguration.swift in Sources */,
				878F1E5D2A8FF47B00EAAEC3 /* FavoritesViewController.swift in Sources */,
				874EBCC52A8F90B000473311 /* FullNoticeViewController.swift in Sources */,
				870383592A8D78AF00FE10FC /* MMONewsCell.swift in Sources */,
				8703833E2A8D6BBD00FE10FC /* SceneDelegate.swift in Sources */,
				878F1E5B2A8FF2B800EAAEC3 /* HomeTabBarViewModel.swift in Sources */,
			);
			runOnlyForDeploymentPostprocessing = 0;
		};
/* End PBXSourcesBuildPhase section */

/* Begin PBXVariantGroup section */
		870383412A8D6BBD00FE10FC /* Main.storyboard */ = {
			isa = PBXVariantGroup;
			children = (
				870383422A8D6BBD00FE10FC /* Base */,
			);
			name = Main.storyboard;
			sourceTree = "<group>";
		};
		870383462A8D6BBE00FE10FC /* LaunchScreen.storyboard */ = {
			isa = PBXVariantGroup;
			children = (
				870383472A8D6BBE00FE10FC /* Base */,
			);
			name = LaunchScreen.storyboard;
			sourceTree = "<group>";
		};
/* End PBXVariantGroup section */

/* Begin XCBuildConfiguration section */
		8703834A2A8D6BBE00FE10FC /* Debug */ = {
			isa = XCBuildConfiguration;
			buildSettings = {
				ALWAYS_SEARCH_USER_PATHS = NO;
				CLANG_ANALYZER_NONNULL = YES;
				CLANG_ANALYZER_NUMBER_OBJECT_CONVERSION = YES_AGGRESSIVE;
				CLANG_CXX_LANGUAGE_STANDARD = "gnu++20";
				CLANG_ENABLE_MODULES = YES;
				CLANG_ENABLE_OBJC_ARC = YES;
				CLANG_ENABLE_OBJC_WEAK = YES;
				CLANG_WARN_BLOCK_CAPTURE_AUTORELEASING = YES;
				CLANG_WARN_BOOL_CONVERSION = YES;
				CLANG_WARN_COMMA = YES;
				CLANG_WARN_CONSTANT_CONVERSION = YES;
				CLANG_WARN_DEPRECATED_OBJC_IMPLEMENTATIONS = YES;
				CLANG_WARN_DIRECT_OBJC_ISA_USAGE = YES_ERROR;
				CLANG_WARN_DOCUMENTATION_COMMENTS = YES;
				CLANG_WARN_EMPTY_BODY = YES;
				CLANG_WARN_ENUM_CONVERSION = YES;
				CLANG_WARN_INFINITE_RECURSION = YES;
				CLANG_WARN_INT_CONVERSION = YES;
				CLANG_WARN_NON_LITERAL_NULL_CONVERSION = YES;
				CLANG_WARN_OBJC_IMPLICIT_RETAIN_SELF = YES;
				CLANG_WARN_OBJC_LITERAL_CONVERSION = YES;
				CLANG_WARN_OBJC_ROOT_CLASS = YES_ERROR;
				CLANG_WARN_QUOTED_INCLUDE_IN_FRAMEWORK_HEADER = YES;
				CLANG_WARN_RANGE_LOOP_ANALYSIS = YES;
				CLANG_WARN_STRICT_PROTOTYPES = YES;
				CLANG_WARN_SUSPICIOUS_MOVE = YES;
				CLANG_WARN_UNGUARDED_AVAILABILITY = YES_AGGRESSIVE;
				CLANG_WARN_UNREACHABLE_CODE = YES;
				CLANG_WARN__DUPLICATE_METHOD_MATCH = YES;
				COPY_PHASE_STRIP = NO;
				DEBUG_INFORMATION_FORMAT = dwarf;
				ENABLE_STRICT_OBJC_MSGSEND = YES;
				ENABLE_TESTABILITY = YES;
				GCC_C_LANGUAGE_STANDARD = gnu11;
				GCC_DYNAMIC_NO_PIC = NO;
				GCC_NO_COMMON_BLOCKS = YES;
				GCC_OPTIMIZATION_LEVEL = 0;
				GCC_PREPROCESSOR_DEFINITIONS = (
					"DEBUG=1",
					"$(inherited)",
				);
				GCC_WARN_64_TO_32_BIT_CONVERSION = YES;
				GCC_WARN_ABOUT_RETURN_TYPE = YES_ERROR;
				GCC_WARN_UNDECLARED_SELECTOR = YES;
				GCC_WARN_UNINITIALIZED_AUTOS = YES_AGGRESSIVE;
				GCC_WARN_UNUSED_FUNCTION = YES;
				GCC_WARN_UNUSED_VARIABLE = YES;
				IPHONEOS_DEPLOYMENT_TARGET = 16.2;
				MTL_ENABLE_DEBUG_INFO = INCLUDE_SOURCE;
				MTL_FAST_MATH = YES;
				ONLY_ACTIVE_ARCH = YES;
				SDKROOT = iphoneos;
				SWIFT_ACTIVE_COMPILATION_CONDITIONS = DEBUG;
				SWIFT_OPTIMIZATION_LEVEL = "-Onone";
			};
			name = Debug;
		};
		8703834B2A8D6BBE00FE10FC /* Release */ = {
			isa = XCBuildConfiguration;
			buildSettings = {
				ALWAYS_SEARCH_USER_PATHS = NO;
				CLANG_ANALYZER_NONNULL = YES;
				CLANG_ANALYZER_NUMBER_OBJECT_CONVERSION = YES_AGGRESSIVE;
				CLANG_CXX_LANGUAGE_STANDARD = "gnu++20";
				CLANG_ENABLE_MODULES = YES;
				CLANG_ENABLE_OBJC_ARC = YES;
				CLANG_ENABLE_OBJC_WEAK = YES;
				CLANG_WARN_BLOCK_CAPTURE_AUTORELEASING = YES;
				CLANG_WARN_BOOL_CONVERSION = YES;
				CLANG_WARN_COMMA = YES;
				CLANG_WARN_CONSTANT_CONVERSION = YES;
				CLANG_WARN_DEPRECATED_OBJC_IMPLEMENTATIONS = YES;
				CLANG_WARN_DIRECT_OBJC_ISA_USAGE = YES_ERROR;
				CLANG_WARN_DOCUMENTATION_COMMENTS = YES;
				CLANG_WARN_EMPTY_BODY = YES;
				CLANG_WARN_ENUM_CONVERSION = YES;
				CLANG_WARN_INFINITE_RECURSION = YES;
				CLANG_WARN_INT_CONVERSION = YES;
				CLANG_WARN_NON_LITERAL_NULL_CONVERSION = YES;
				CLANG_WARN_OBJC_IMPLICIT_RETAIN_SELF = YES;
				CLANG_WARN_OBJC_LITERAL_CONVERSION = YES;
				CLANG_WARN_OBJC_ROOT_CLASS = YES_ERROR;
				CLANG_WARN_QUOTED_INCLUDE_IN_FRAMEWORK_HEADER = YES;
				CLANG_WARN_RANGE_LOOP_ANALYSIS = YES;
				CLANG_WARN_STRICT_PROTOTYPES = YES;
				CLANG_WARN_SUSPICIOUS_MOVE = YES;
				CLANG_WARN_UNGUARDED_AVAILABILITY = YES_AGGRESSIVE;
				CLANG_WARN_UNREACHABLE_CODE = YES;
				CLANG_WARN__DUPLICATE_METHOD_MATCH = YES;
				COPY_PHASE_STRIP = NO;
				DEBUG_INFORMATION_FORMAT = "dwarf-with-dsym";
				ENABLE_NS_ASSERTIONS = NO;
				ENABLE_STRICT_OBJC_MSGSEND = YES;
				GCC_C_LANGUAGE_STANDARD = gnu11;
				GCC_NO_COMMON_BLOCKS = YES;
				GCC_WARN_64_TO_32_BIT_CONVERSION = YES;
				GCC_WARN_ABOUT_RETURN_TYPE = YES_ERROR;
				GCC_WARN_UNDECLARED_SELECTOR = YES;
				GCC_WARN_UNINITIALIZED_AUTOS = YES_AGGRESSIVE;
				GCC_WARN_UNUSED_FUNCTION = YES;
				GCC_WARN_UNUSED_VARIABLE = YES;
				IPHONEOS_DEPLOYMENT_TARGET = 16.2;
				MTL_ENABLE_DEBUG_INFO = NO;
				MTL_FAST_MATH = YES;
				SDKROOT = iphoneos;
				SWIFT_COMPILATION_MODE = wholemodule;
				SWIFT_OPTIMIZATION_LEVEL = "-O";
				VALIDATE_PRODUCT = YES;
			};
			name = Release;
		};
		8703834D2A8D6BBE00FE10FC /* Debug */ = {
			isa = XCBuildConfiguration;
			buildSettings = {
				ASSETCATALOG_COMPILER_APPICON_NAME = AppIcon;
				ASSETCATALOG_COMPILER_GLOBAL_ACCENT_COLOR_NAME = AccentColor;
				CODE_SIGN_STYLE = Automatic;
				CURRENT_PROJECT_VERSION = 1;
				DEVELOPMENT_TEAM = R6666T3YAD;
				GENERATE_INFOPLIST_FILE = YES;
				INFOPLIST_FILE = "MMO-Report-App/Info.plist";
				INFOPLIST_KEY_UIApplicationSupportsIndirectInputEvents = YES;
				INFOPLIST_KEY_UILaunchStoryboardName = LaunchScreen;
				INFOPLIST_KEY_UISupportedInterfaceOrientations_iPad = "UIInterfaceOrientationPortrait UIInterfaceOrientationPortraitUpsideDown UIInterfaceOrientationLandscapeLeft UIInterfaceOrientationLandscapeRight";
				INFOPLIST_KEY_UISupportedInterfaceOrientations_iPhone = "UIInterfaceOrientationPortrait UIInterfaceOrientationLandscapeLeft UIInterfaceOrientationLandscapeRight";
				LD_RUNPATH_SEARCH_PATHS = (
					"$(inherited)",
					"@executable_path/Frameworks",
				);
				MARKETING_VERSION = 1.0;
				PRODUCT_BUNDLE_IDENTIFIER = "de.Oliveira.MMO-Report-App";
				PRODUCT_NAME = "$(TARGET_NAME)";
				SWIFT_EMIT_LOC_STRINGS = YES;
				SWIFT_VERSION = 5.0;
				TARGETED_DEVICE_FAMILY = "1,2";
			};
			name = Debug;
		};
		8703834E2A8D6BBE00FE10FC /* Release */ = {
			isa = XCBuildConfiguration;
			buildSettings = {
				ASSETCATALOG_COMPILER_APPICON_NAME = AppIcon;
				ASSETCATALOG_COMPILER_GLOBAL_ACCENT_COLOR_NAME = AccentColor;
				CODE_SIGN_STYLE = Automatic;
				CURRENT_PROJECT_VERSION = 1;
				DEVELOPMENT_TEAM = R6666T3YAD;
				GENERATE_INFOPLIST_FILE = YES;
				INFOPLIST_FILE = "MMO-Report-App/Info.plist";
				INFOPLIST_KEY_UIApplicationSupportsIndirectInputEvents = YES;
				INFOPLIST_KEY_UILaunchStoryboardName = LaunchScreen;
				INFOPLIST_KEY_UISupportedInterfaceOrientations_iPad = "UIInterfaceOrientationPortrait UIInterfaceOrientationPortraitUpsideDown UIInterfaceOrientationLandscapeLeft UIInterfaceOrientationLandscapeRight";
				INFOPLIST_KEY_UISupportedInterfaceOrientations_iPhone = "UIInterfaceOrientationPortrait UIInterfaceOrientationLandscapeLeft UIInterfaceOrientationLandscapeRight";
				LD_RUNPATH_SEARCH_PATHS = (
					"$(inherited)",
					"@executable_path/Frameworks",
				);
				MARKETING_VERSION = 1.0;
				PRODUCT_BUNDLE_IDENTIFIER = "de.Oliveira.MMO-Report-App";
				PRODUCT_NAME = "$(TARGET_NAME)";
				SWIFT_EMIT_LOC_STRINGS = YES;
				SWIFT_VERSION = 5.0;
				TARGETED_DEVICE_FAMILY = "1,2";
			};
			name = Release;
		};
/* End XCBuildConfiguration section */

/* Begin XCConfigurationList section */
		870383332A8D6BBD00FE10FC /* Build configuration list for PBXProject "MMO-Report-App" */ = {
			isa = XCConfigurationList;
			buildConfigurations = (
				8703834A2A8D6BBE00FE10FC /* Debug */,
				8703834B2A8D6BBE00FE10FC /* Release */,
			);
			defaultConfigurationIsVisible = 0;
			defaultConfigurationName = Release;
		};
		8703834C2A8D6BBE00FE10FC /* Build configuration list for PBXNativeTarget "MMO-Report-App" */ = {
			isa = XCConfigurationList;
			buildConfigurations = (
				8703834D2A8D6BBE00FE10FC /* Debug */,
				8703834E2A8D6BBE00FE10FC /* Release */,
			);
			defaultConfigurationIsVisible = 0;
			defaultConfigurationName = Release;
		};
/* End XCConfigurationList section */
	};
	rootObject = 870383302A8D6BBD00FE10FC /* Project object */;
}
